
Microsoft Visual Studio Solution File, Format Version 12.00
# Visual Studio 15
Project("{FAE04EC0-301F-11D3-BF4B-00C04F79EFBC}") = "spriteSheetPacker", "spriteSheetPacker.csproj", "{F6B75288-9E08-4799-BA5B-0B9EEEA8FD52}"
EndProject
Global
	GlobalSection(SolutionConfigurationPlatforms) = preSolution
		Debug|x86 = Debug|x86
		Release|x86 = Release|x86
	EndGlobalSection
	GlobalSection(ProjectConfigurationPlatforms) = postSolution
		{F6B75288-9E08-4799-BA5B-0B9EEEA8FD52}.Debug|x86.ActiveCfg = Debug|x86
		{F6B75288-9E08-4799-BA5B-0B9EEEA8FD52}.Debug|x86.Build.0 = Debug|x86
		{F6B75288-9E08-4799-BA5B-0B9EEEA8FD52}.Release|x86.ActiveCfg = Release|x86
		{F6B75288-9E08-4799-BA5B-0B9EEEA8FD52}.Release|x86.Build.0 = Release|x86
	EndGlobalSection
EndGlobal
